# eidolons.mcp.lock — auto-generated by 'eidolons mcp install/upgrade/sync'. Commit to VCS.
generated_at: "2026-08-26T00:21:49Z"
eidolons_cli_version: "3.2.0"
catalogue_version: "1.3"
mcps:
  - name: atlas-aci
    kind: oci-image
    version: "2.0.0"
    source:
      image: "ghcr.io/rynaro/atlas-aci"
    integrity:
      algo: oci-digest
      value: "sha256:e2542ef8d569882c560065f0bcaed9ef2a7398e7e61765e25b142a3c93ec7cf7"
    target: ".mcp.json"
    hosts_wired:
      - ".claude/agents/atlas.md"
      - ".claude/agents/kupo.md"
      - ".claude/agents/vivi.md"
      - ".codex/config.toml"
      - ".mcp.json"
    runtime:
      resource_profile: "unlimited"
    installed_at: "2026-08-26T00:21:48Z"
  - name: atomos
    kind: oci-image
    version: "0.2.0"
    source:
      image: "ghcr.io/rynaro/atomos"
    integrity:
      algo: oci-digest
      value: "sha256:b3f67b4ef64230ebe91aa37efea14e386f178950a2750e0c26c8d29d7ea4a639"
    target: ".mcp.json"
    hosts_wired:
      - ".codex/config.toml"
      - ".mcp.json"
    runtime:
      resource_profile: "unlimited"
    installed_at: "2026-08-26T00:19:33Z"
  - name: crystalium
    kind: oci-image
    version: "2.2.0"
    source:
      image: "ghcr.io/rynaro/crystalium"
    integrity:
      algo: oci-digest
      value: "sha256:75077ffe6b9bcded8f50c0fcb7092ead204128ec4f72af5103df1dfd036f82d5"
    target: ".mcp.json"
    hosts_wired:
      - ".claude/agents/atlas.md"
      - ".claude/agents/forge.md"
      - ".claude/agents/gilgamesh.md"
      - ".claude/agents/idg.md"
      - ".claude/agents/kupo.md"
      - ".claude/agents/ramza.md"
      - ".claude/agents/vigil.md"
      - ".claude/agents/vivi.md"
      - ".codex/config.toml"
      - ".mcp.json"
    runtime:
      resource_profile: "unlimited"
    installed_at: "2026-08-26T00:20:29Z"
  - name: junction
    kind: binary
    version: "0.4.0"
    source:
      repo: "Rynaro/Junction"
    integrity:
      algo: none
      value: ""
    target: "/home/rynaro/.eidolons/cache/junction@0.4.0/junction"
    hosts_wired:
      - ".codex/config.toml"
      - ".mcp.json"
    installed_at: "2026-08-26T00:20:49Z"
  - name: tonberry
    kind: oci-image
    version: "0.5.3"
    source:
      image: "ghcr.io/rynaro/tonberry"
    integrity:
      algo: oci-digest
      value: "sha256:df6ec882ed2b932483b9cb44449b2e2a233d8e71901e9c6307f627df3979be73"
    target: ".mcp.json"
    hosts_wired:
      - ".claude/agents/idg.md"
      - ".claude/agents/kupo.md"
      - ".claude/agents/vigil.md"
      - ".claude/agents/vivi.md"
      - ".codex/config.toml"
      - ".mcp.json"
    runtime:
      resource_profile: "unlimited"
    installed_at: "2026-08-26T00:19:40Z"
    enforcement: "block"
    enforcement_signals: {"change_count":0,"repo_loc":85842,"full_ratio":0}
    enforcement_thresholds: {"n":10,"l":50000,"r":0.4}
    enforcement_assessed_at: "2026-08-26T00:19:42Z"
